
Microsoft Visual Studio Solution File, Format Version 12.00
# Visual Studio Version 16
VisualStudioVersion = 16.0.31424.327
MinimumVisualStudioVersion = 10.0.40219.1
Project("{FAE04EC0-301F-11D3-BF4B-00C04F79EFBC}") = "ReportCoreV2", "ReportCoreV2\ReportCoreV2.csproj", "{BFEC0502-79CE-423D-AC17-9F71BABCC246}"
EndProject
Global
	GlobalSection(SolutionConfigurationPlatforms) = preSolution
		Debug|Any CPU = Debug|Any CPU
		Release|Any CPU = Release|Any CPU
	EndGlobalSection
	GlobalSection(ProjectConfigurationPlatforms) = postSolution
		{BFEC0502-79CE-423D-AC17-9F71BABCC246}.Debug|Any CPU.ActiveCfg = Debug|Any CPU
		{BFEC0502-79CE-423D-AC17-9F71BABCC246}.Debug|Any CPU.Build.0 = Debug|Any CPU
		{BFEC0502-79CE-423D-AC17-9F71BABCC246}.Release|Any CPU.ActiveCfg = Release|Any CPU
		{BFEC0502-79CE-423D-AC17-9F71BABCC246}.Release|Any CPU.Build.0 = Release|Any CPU
	EndGlobalSection
	GlobalSection(SolutionProperties) = preSolution
		HideSolutionNode = FALSE
	EndGlobalSection
	GlobalSection(ExtensibilityGlobals) = postSolution
		SolutionGuid = {9C4C4D5C-A489-43F5-86FA-7B4C94FD4D3D}
	EndGlobalSection
EndGlobal
